
Microsoft Visual Studio Solution File, Format Version 12.00
# Visual Studio Version 17
VisualStudioVersion = 17.12.35417.141 d17.12
MinimumVisualStudioVersion = 10.0.40219.1
Project("{FAE04EC0-301F-11D3-BF4B-00C04F79EFBC}") = "Puzzle-56", "Puzzle-56\Puzzle-56.csproj", "{51858833-C733-473F-982E-984DB0937130}"
EndProject
Project("{2150E333-8FDC-42A3-9474-1A3956D46DE8}") = "SolutionItems", "SolutionItems", "{DFCEB07D-D74A-459E-A763-023C68C0BADF}"
	ProjectSection(SolutionItems) = preProject
		README.md = README.md
	EndProjectSection
EndProject
Global
	GlobalSection(SolutionConfigurationPlatforms) = preSolution
		Debug|Any CPU = Debug|Any CPU
		Release|Any CPU = Release|Any CPU
	EndGlobalSection
	GlobalSection(ProjectConfigurationPlatforms) = postSolution
		{51858833-C733-473F-982E-984DB0937130}.Debug|Any CPU.ActiveCfg = Debug|Any CPU
		{51858833-C733-473F-982E-984DB0937130}.Debug|Any CPU.Build.0 = Debug|Any CPU
		{51858833-C733-473F-982E-984DB0937130}.Release|Any CPU.ActiveCfg = Release|Any CPU
		{51858833-C733-473F-982E-984DB0937130}.Release|Any CPU.Build.0 = Release|Any CPU
	EndGlobalSection
	GlobalSection(SolutionProperties) = preSolution
		HideSolutionNode = FALSE
	EndGlobalSection
EndGlobal
